// !$*UTF8*$!
{
	archiveVersion = 1;
	classes = {
	};
	objectVersion = 50;
	objects = {

/* Begin PBXBuildFile section */
		FDDA82552411272E0071AAC2 /* AppDelegate.swift in Sources */ = {isa = PBXBuildFile; fileRef = FDDA82542411272E0071AAC2 /* AppDelegate.swift */; };
		FDDA82572411272E0071AAC2 /* SceneDelegate.swift in Sources */ = {isa = PBXBuildFile; fileRef = FDDA82562411272E0071AAC2 /* SceneDelegate.swift */; };
		FDDA82592411272E0071AAC2 /* ViewController.swift in Sources */ = {isa = PBXBuildFile; fileRef = FDDA82582411272E0071AAC2 /* ViewController.swift */; };
		FDDA825C2411272E0071AAC2 /* Main.storyboard in Resources */ = {isa = PBXBuildFile; fileRef = FDDA825A2411272E0071AAC2 /* Main.storyboard */; };
		FDDA825E241127310071AAC2 /* Assets.xcassets in Resources */ = {isa = PBXBuildFile; fileRef = FDDA825D241127310071AAC2 /* Assets.xcassets */; };
		FDDA8261241127310071AAC2 /* LaunchScreen.storyboard in Resources */ = {isa = PBXBuildFile; fileRef = FDDA825F241127310071AAC2 /* LaunchScreen.storyboard */; };
		FDDA826C241127310071AAC2 /* lab3Tests.swift in Sources */ = {isa = PBXBuildFile; fileRef = FDDA826B241127310071AAC2 /* lab3Tests.swift */; };
		FDDA8277241127310071AAC2 /* lab3UITests.swift in Sources */ = {isa = PBXBuildFile; fileRef = FDDA8276241127310071AAC2 /* lab3UITests.swift */; };
		FDDA82852413852F0071AAC2 /* FigureViewController.swift in Sources */ = {isa = PBXBuildFile; fileRef = FDDA82842413852F0071AAC2 /* FigureViewController.swift */; };
/* End PBXBuildFile section */

/* Begin PBXContainerItemProxy section */
		FDDA8268241127310071AAC2 /* PBXContainerItemProxy */ = {
			isa = PBXContainerItemProxy;
			containerPortal = FDDA82492411272E0071AAC2 /* Project object */;
			proxyType = 1;
			remoteGlobalIDString = FDDA82502411272E0071AAC2;
			remoteInfo = lab3;
		};
		FDDA8273241127310071AAC2 /* PBXContainerItemProxy */ = {
			isa = PBXContainerItemProxy;
			containerPortal = FDDA82492411272E0071AAC2 /* Project object */;
			proxyType = 1;
			remoteGlobalIDString = FDDA82502411272E0071AAC2;
			remoteInfo = lab3;
		};
/* End PBXContainerItemProxy section */

/* Begin PBXFileReference section */
		FDDA82512411272E0071AAC2 /* lab3.app */ = {isa = PBXFileReference; explicitFileType = wrapper.application; includeInIndex = 0; path = lab3.app; sourceTree = BUILT_PRODUCTS_DIR; };
		FDDA82542411272E0071AAC2 /* AppDelegate.swift */ = {isa = PBXFileReference; lastKnownFileType = sourcecode.swift; path = AppDelegate.swift; sourceTree = "<group>"; };
		FDDA82562411272E0071AAC2 /* SceneDelegate.swift */ = {isa = PBXFileReference; lastKnownFileType = sourcecode.swift; path = SceneDelegate.swift; sourceTree = "<group>"; };
		FDDA82582411272E0071AAC2 /* ViewController.swift */ = {isa = PBXFileReference; lastKnownFileType = sourcecode.swift; path = ViewController.swift; sourceTree = "<group>"; };
		FDDA825B2411272E0071AAC2 /* Base */ = {isa = PBXFileReference; lastKnownFileType = file.storyboard; name = Base; path = Base.lproj/Main.storyboard; sourceTree = "<group>"; };
		FDDA825D241127310071AAC2 /* Assets.xcassets */ = {isa = PBXFileReference; lastKnownFileType = folder.assetcatalog; path = Assets.xcassets; sourceTree = "<group>"; };
		FDDA8260241127310071AAC2 /* Base */ = {isa = PBXFileReference; lastKnownFileType = file.storyboard; name = Base; path = Base.lproj/LaunchScreen.storyboard; sourceTree = "<group>"; };
		FDDA8262241127310071AAC2 /* Info.plist */ = {isa = PBXFileReference; lastKnownFileType = text.plist.xml; path = Info.plist; sourceTree = "<group>"; };
		FDDA8267241127310071AAC2 /* lab3Tests.xctest */ = {isa = PBXFileReference; explicitFileType = wrapper.cfbundle; includeInIndex = 0; path = lab3Tests.xctest; sourceTree = BUILT_PRODUCTS_DIR; };
		FDDA826B241127310071AAC2 /* lab3Tests.swift */ = {isa = PBXFileReference; lastKnownFileType = sourcecode.swift; path = lab3Tests.swift; sourceTree = "<group>"; };
		FDDA826D241127310071AAC2 /* Info.plist */ = {isa = PBXFileReference; lastKnownFileType = text.plist.xml; path = Info.plist; sourceTree = "<group>"; };
		FDDA8272241127310071AAC2 /* lab3UITests.xctest */ = {isa = PBXFileReference; explicitFileType = wrapper.cfbundle; includeInIndex = 0; path = lab3UITests.xctest; sourceTree = BUILT_PRODUCTS_DIR; };
		FDDA8276241127310071AAC2 /* lab3UITests.swift */ = {isa = PBXFileReference; lastKnownFileType = sourcecode.swift; path = lab3UITests.swift; sourceTree = "<group>"; };
		FDDA8278241127310071AAC2 /* Info.plist */ = {isa = PBXFileReference; lastKnownFileType = text.plist.xml; path = Info.plist; sourceTree = "<group>"; };
		FDDA82842413852F0071AAC2 /* FigureViewController.swift */ = {isa = PBXFileReference; lastKnownFileType = sourcecode.swift; path = FigureViewController.swift; sourceTree = "<group>"; };
/* End PBXFileReference section */

/* Begin PBXFrameworksBuildPhase section */
		FDDA824E2411272E0071AAC2 /* Frameworks */ = {
			isa = PBXFrameworksBuildPhase;
			buildActionMask = 2147483647;
			files = (
			);
			runOnlyForDeploymentPostprocessing = 0;
		};
		FDDA8264241127310071AAC2 /* Frameworks */ = {
			isa = PBXFrameworksBuildPhase;
			buildActionMask = 2147483647;
			files = (
			);
			runOnlyForDeploymentPostprocessing = 0;
		};
		FDDA826F241127310071AAC2 /* Frameworks */ = {
			isa = PBXFrameworksBuildPhase;
			buildActionMask = 2147483647;
			files = (
			);
			runOnlyForDeploymentPostprocessing = 0;
		};
/* End PBXFrameworksBuildPhase section */

/* Begin PBXGroup section */
		FDDA82482411272E0071AAC2 = {
			isa = PBXGroup;
			children = (
				FDDA82532411272E0071AAC2 /* lab3 */,
				FDDA826A241127310071AAC2 /* lab3Tests */,
				FDDA8275241127310071AAC2 /* lab3UITests */,
				FDDA82522411272E0071AAC2 /* Products */,
			);
			sourceTree = "<group>";
		};
		FDDA82522411272E0071AAC2 /* Products */ = {
			isa = PBXGroup;
			children = (
				FDDA82512411272E0071AAC2 /* lab3.app */,
				FDDA8267241127310071AAC2 /* lab3Tests.xctest */,
				FDDA8272241127310071AAC2 /* lab3UITests.xctest */,
			);
			name = Products;
			sourceTree = "<group>";
		};
		FDDA82532411272E0071AAC2 /* lab3 */ = {
			isa = PBXGroup;
			children = (
				FDDA82542411272E0071AAC2 /* AppDelegate.swift */,
				FDDA82562411272E0071AAC2 /* SceneDelegate.swift */,
				FDDA82582411272E0071AAC2 /* ViewController.swift */,
				FDDA825A2411272E0071AAC2 /* Main.storyboard */,
				FDDA82842413852F0071AAC2 /* FigureViewController.swift */,
				FDDA825D241127310071AAC2 /* Assets.xcassets */,
				FDDA825F241127310071AAC2 /* LaunchScreen.storyboard */,
				FDDA8262241127310071AAC2 /* Info.plist */,
			);
			path = lab3;
			sourceTree = "<group>";
		};
		FDDA826A241127310071AAC2 /* lab3Tests */ = {
			isa = PBXGroup;
			children = (
				FDDA826B241127310071AAC2 /* lab3Tests.swift */,
				FDDA826D241127310071AAC2 /* Info.plist */,
			);
			path = lab3Tests;
			sourceTree = "<group>";
		};
		FDDA8275241127310071AAC2 /* lab3UITests */ = {
			isa = PBXGroup;
			children = (
				FDDA8276241127310071AAC2 /* lab3UITests.swift */,
				FDDA8278241127310071AAC2 /* Info.plist */,
			);
			path = lab3UITests;
			sourceTree = "<group>";
		};
/* End PBXGroup section */

/* Begin PBXNativeTarget section */
		FDDA82502411272E0071AAC2 /* lab3 */ = {
			isa = PBXNativeTarget;
			buildConfigurationList = FDDA827B241127310071AAC2 /* Build configuration list for PBXNativeTarget "lab3" */;
			buildPhases = (
				FDDA824D2411272E0071AAC2 /* Sources */,
				FDDA824E2411272E0071AAC2 /* Frameworks */,
				FDDA824F2411272E0071AAC2 /* Resources */,
			);
			buildRules = (
			);
			dependencies = (
			);
			name = lab3;
			productName = lab3;
			productReference = FDDA82512411272E0071AAC2 /* lab3.app */;
			productType = "com.apple.product-type.application";
		};
		FDDA8266241127310071AAC2 /* lab3Tests */ = {
			isa = PBXNativeTarget;
			buildConfigurationList = FDDA827E241127310071AAC2 /* Build configuration list for PBXNativeTarget "lab3Tests" */;
			buildPhases = (
				FDDA8263241127310071AAC2 /* Sources */,
				FDDA8264241127310071AAC2 /* Frameworks */,
				FDDA8265241127310071AAC2 /* Resources */,
			);
			buildRules = (
			);
			dependencies = (
				FDDA8269241127310071AAC2 /* PBXTargetDependency */,
			);
			name = lab3Tests;
			productName = lab3Tests;
			productReference = FDDA8267241127310071AAC2 /* lab3Tests.xctest */;
			productType = "com.apple.product-type.bundle.unit-test";
		};
		FDDA8271241127310071AAC2 /* lab3UITests */ = {
			isa = PBXNativeTarget;
			buildConfigurationList = FDDA8281241127310071AAC2 /* Build configuration list for PBXNativeTarget "lab3UITests" */;
			buildPhases = (
				FDDA826E241127310071AAC2 /* Sources */,
				FDDA826F241127310071AAC2 /* Frameworks */,
				FDDA8270241127310071AAC2 /* Resources */,
			);
			buildRules = (
			);
			dependencies = (
				FDDA8274241127310071AAC2 /* PBXTargetDependency */,
			);
			name = lab3UITests;
			productName = lab3UITests;
			productReference = FDDA8272241127310071AAC2 /* lab3UITests.xctest */;
			productType = "com.apple.product-type.bundle.ui-testing";
		};
/* End PBXNativeTarget section */

/* Begin PBXProject section */
		FDDA82492411272E0071AAC2 /* Project object */ = {
			isa = PBXProject;
			attributes = {
				LastSwiftUpdateCheck = 1130;
				LastUpgradeCheck = 1130;
				ORGANIZATIONNAME = dalen;
				TargetAttributes = {
					FDDA82502411272E0071AAC2 = {
						CreatedOnToolsVersion = 11.3.1;
					};
					FDDA8266241127310071AAC2 = {
						CreatedOnToolsVersion = 11.3.1;
						TestTargetID = FDDA82502411272E0071AAC2;
					};
					FDDA8271241127310071AAC2 = {
						CreatedOnToolsVersion = 11.3.1;
						TestTargetID = FDDA82502411272E0071AAC2;
					};
				};
			};
			buildConfigurationList = FDDA824C2411272E0071AAC2 /* Build configuration list for PBXProject "lab3" */;
			compatibilityVersion = "Xcode 9.3";
			developmentRegion = en;
			hasScannedForEncodings = 0;
			knownRegions = (
				en,
				Base,
			);
			mainGroup = FDDA82482411272E0071AAC2;
			productRefGroup = FDDA82522411272E0071AAC2 /* Products */;
			projectDirPath = "";
			projectRoot = "";
			targets = (
				FDDA82502411272E0071AAC2 /* lab3 */,
				FDDA8266241127310071AAC2 /* lab3Tests */,
				FDDA8271241127310071AAC2 /* lab3UITests */,
			);
		};
/* End PBXProject section */

/* Begin PBXResourcesBuildPhase section */
		FDDA824F2411272E0071AAC2 /* Resources */ = {
			isa = PBXResourcesBuildPhase;
			buildActionMask = 2147483647;
			files = (
				FDDA8261241127310071AAC2 /* LaunchScreen.storyboard in Resources */,
				FDDA825E241127310071AAC2 /* Assets.xcassets in Resources */,
				FDDA825C2411272E0071AAC2 /* Main.storyboard in Resources */,
			);
			runOnlyForDeploymentPostprocessing = 0;
		};
		FDDA8265241127310071AAC2 /* Resources */ = {
			isa = PBXResourcesBuildPhase;
			buildActionMask = 2147483647;
			files = (
			);
			runOnlyForDeploymentPostprocessing = 0;
		};
		FDDA8270241127310071AAC2 /* Resources */ = {
			isa = PBXResourcesBuildPhase;
			buildActionMask = 2147483647;
			files = (
			);
			runOnlyForDeploymentPostprocessing = 0;
		};
/* End PBXResourcesBuildPhase section */

/* Begin PBXSourcesBuildPhase section */
		FDDA824D2411272E0071AAC2 /* Sources */ = {
			isa = PBXSourcesBuildPhase;
			buildActionMask = 2147483647;
			files = (
				FDDA82592411272E0071AAC2 /* ViewController.swift in Sources */,
				FDDA82552411272E0071AAC2 /* AppDelegate.swift in Sources */,
				FDDA82852413852F0071AAC2 /* FigureViewController.swift in Sources */,
				FDDA82572411272E0071AAC2 /* SceneDelegate.swift in Sources */,
			);
			runOnlyForDeploymentPostprocessing = 0;
		};
		FDDA8263241127310071AAC2 /* Sources */ = {
			isa = PBXSourcesBuildPhase;
			buildActionMask = 2147483647;
			files = (
				FDDA826C241127310071AAC2 /* lab3Tests.swift in Sources */,
			);
			runOnlyForDeploymentPostprocessing = 0;
		};
		FDDA826E241127310071AAC2 /* Sources */ = {
			isa = PBXSourcesBuildPhase;
			buildActionMask = 2147483647;
			files = (
				FDDA8277241127310071AAC2 /* lab3UITests.swift in Sources */,
			);
			runOnlyForDeploymentPostprocessing = 0;
		};
/* End PBXSourcesBuildPhase section */

/* Begin PBXTargetDependency section */
		FDDA8269241127310071AAC2 /* PBXTargetDependency */ = {
			isa = PBXTargetDependency;
			target = FDDA82502411272E0071AAC2 /* lab3 */;
			targetProxy = FDDA8268241127310071AAC2 /* PBXContainerItemProxy */;
		};
		FDDA8274241127310071AAC2 /* PBXTargetDependency */ = {
			isa = PBXTargetDependency;
			target = FDDA82502411272E0071AAC2 /* lab3 */;
			targetProxy = FDDA8273241127310071AAC2 /* PBXContainerItemProxy */;
		};
/* End PBXTargetDependency section */

/* Begin PBXVariantGroup section */
		FDDA825A2411272E0071AAC2 /* Main.storyboard */ = {
			isa = PBXVariantGroup;
			children = (
				FDDA825B2411272E0071AAC2 /* Base */,
			);
			name = Main.storyboard;
			sourceTree = "<group>";
		};
		FDDA825F241127310071AAC2 /* LaunchScreen.storyboard */ = {
			isa = PBXVariantGroup;
			children = (
				FDDA8260241127310071AAC2 /* Base */,
			);
			name = LaunchScreen.storyboard;
			sourceTree = "<group>";
		};
/* End PBXVariantGroup section */

/* Begin XCBuildConfiguration section */
		FDDA8279241127310071AAC2 /* Debug */ = {
			isa = XCBuildConfiguration;
			buildSettings = {
				ALWAYS_SEARCH_USER_PATHS = NO;
				CLANG_ANALYZER_NONNULL = YES;
				CLANG_ANALYZER_NUMBER_OBJECT_CONVERSION = YES_AGGRESSIVE;
				CLANG_CXX_LANGUAGE_STANDARD = "gnu++14";
				CLANG_CXX_LIBRARY = "libc++";
				CLANG_ENABLE_MODULES = YES;
				CLANG_ENABLE_OBJC_ARC = YES;
				CLANG_ENABLE_OBJC_WEAK = YES;
				CLANG_WARN_BLOCK_CAPTURE_AUTORELEASING = YES;
				CLANG_WARN_BOOL_CONVERSION = YES;
				CLANG_WARN_COMMA = YES;
				CLANG_WARN_CONSTANT_CONVERSION = YES;
				CLANG_WARN_DEPRECATED_OBJC_IMPLEMENTATIONS = YES;
				CLANG_WARN_DIRECT_OBJC_ISA_USAGE = YES_ERROR;
				CLANG_WARN_DOCUMENTATION_COMMENTS = YES;
				CLANG_WARN_EMPTY_BODY = YES;
				CLANG_WARN_ENUM_CONVERSION = YES;
				CLANG_WARN_INFINITE_RECURSION = YES;
				CLANG_WARN_INT_CONVERSION = YES;
				CLANG_WARN_NON_LITERAL_NULL_CONVERSION = YES;
				CLANG_WARN_OBJC_IMPLICIT_RETAIN_SELF = YES;
				CLANG_WARN_OBJC_LITERAL_CONVERSION = YES;
				CLANG_WARN_OBJC_ROOT_CLASS = YES_ERROR;
				CLANG_WARN_RANGE_LOOP_ANALYSIS = YES;
				CLANG_WARN_STRICT_PROTOTYPES = YES;
				CLANG_WARN_SUSPICIOUS_MOVE = YES;
				CLANG_WARN_UNGUARDED_AVAILABILITY = YES_AGGRESSIVE;
				CLANG_WARN_UNREACHABLE_CODE = YES;
				CLANG_WARN__DUPLICATE_METHOD_MATCH = YES;
				COPY_PHASE_STRIP = NO;
				DEBUG_INFORMATION_FORMAT = dwarf;
				ENABLE_STRICT_OBJC_MSGSEND = YES;
				ENABLE_TESTABILITY = YES;
				GCC_C_LANGUAGE_STANDARD = gnu11;
				GCC_DYNAMIC_NO_PIC = NO;
				GCC_NO_COMMON_BLOCKS = YES;
				GCC_OPTIMIZATION_LEVEL = 0;
				GCC_PREPROCESSOR_DEFINITIONS = (
					"DEBUG=1",
					"$(inherited)",
				);
				GCC_WARN_64_TO_32_BIT_CONVERSION = YES;
				GCC_WARN_ABOUT_RETURN_TYPE = YES_ERROR;
				GCC_WARN_UNDECLARED_SELECTOR = YES;
				GCC_WARN_UNINITIALIZED_AUTOS = YES_AGGRESSIVE;
				GCC_WARN_UNUSED_FUNCTION = YES;
				GCC_WARN_UNUSED_VARIABLE = YES;
				IPHONEOS_DEPLOYMENT_TARGET = 13.2;
				MTL_ENABLE_DEBUG_INFO = INCLUDE_SOURCE;
				MTL_FAST_MATH = YES;
				ONLY_ACTIVE_ARCH = YES;
				SDKROOT = iphoneos;
				SWIFT_ACTIVE_COMPILATION_CONDITIONS = DEBUG;
				SWIFT_OPTIMIZATION_LEVEL = "-Onone";
			};
			name = Debug;
		};
		FDDA827A241127310071AAC2 /* Release */ = {
			isa = XCBuildConfiguration;
			buildSettings = {
				ALWAYS_SEARCH_USER_PATHS = NO;
				CLANG_ANALYZER_NONNULL = YES;
				CLANG_ANALYZER_NUMBER_OBJECT_CONVERSION = YES_AGGRESSIVE;
				CLANG_CXX_LANGUAGE_STANDARD = "gnu++14";
				CLANG_CXX_LIBRARY = "libc++";
				CLANG_ENABLE_MODULES = YES;
				CLANG_ENABLE_OBJC_ARC = YES;
				CLANG_ENABLE_OBJC_WEAK = YES;
				CLANG_WARN_BLOCK_CAPTURE_AUTORELEASING = YES;
				CLANG_WARN_BOOL_CONVERSION = YES;
				CLANG_WARN_COMMA = YES;
				CLANG_WARN_CONSTANT_CONVERSION = YES;
				CLANG_WARN_DEPRECATED_OBJC_IMPLEMENTATIONS = YES;
				CLANG_WARN_DIRECT_OBJC_ISA_USAGE = YES_ERROR;
				CLANG_WARN_DOCUMENTATION_COMMENTS = YES;
				CLANG_WARN_EMPTY_BODY = YES;
				CLANG_WARN_ENUM_CONVERSION = YES;
				CLANG_WARN_INFINITE_RECURSION = YES;
				CLANG_WARN_INT_CONVERSION = YES;
				CLANG_WARN_NON_LITERAL_NULL_CONVERSION = YES;
				CLANG_WARN_OBJC_IMPLICIT_RETAIN_SELF = YES;
				CLANG_WARN_OBJC_LITERAL_CONVERSION = YES;
				CLANG_WARN_OBJC_ROOT_CLASS = YES_ERROR;
				CLANG_WARN_RANGE_LOOP_ANALYSIS = YES;
				CLANG_WARN_STRICT_PROTOTYPES = YES;
				CLANG_WARN_SUSPICIOUS_MOVE = YES;
				CLANG_WARN_UNGUARDED_AVAILABILITY = YES_AGGRESSIVE;
				CLANG_WARN_UNREACHABLE_CODE = YES;
				CLANG_WARN__DUPLICATE_METHOD_MATCH = YES;
				COPY_PHASE_STRIP = NO;
				DEBUG_INFORMATION_FORMAT = "dwarf-with-dsym";
				ENABLE_NS_ASSERTIONS = NO;
				ENABLE_STRICT_OBJC_MSGSEND = YES;
				GCC_C_LANGUAGE_STANDARD = gnu11;
				GCC_NO_COMMON_BLOCKS = YES;
				GCC_WARN_64_TO_32_BIT_CONVERSION = YES;
				GCC_WARN_ABOUT_RETURN_TYPE = YES_ERROR;
				GCC_WARN_UNDECLARED_SELECTOR = YES;
				GCC_WARN_UNINITIALIZED_AUTOS = YES_AGGRESSIVE;
				GCC_WARN_UNUSED_FUNCTION = YES;
				GCC_WARN_UNUSED_VARIABLE = YES;
				IPHONEOS_DEPLOYMENT_TARGET = 13.2;
				MTL_ENABLE_DEBUG_INFO = NO;
				MTL_FAST_MATH = YES;
				SDKROOT = iphoneos;
				SWIFT_COMPILATION_MODE = wholemodule;
				SWIFT_OPTIMIZATION_LEVEL = "-O";
				VALIDATE_PRODUCT = YES;
			};
			name = Release;
		};
		FDDA827C241127310071AAC2 /* Debug */ = {
			isa = XCBuildConfiguration;
			buildSettings = {
				ASSETCATALOG_COMPILER_APPICON_NAME = AppIcon;
				CODE_SIGN_STYLE = Automatic;
				INFOPLIST_FILE = lab3/Info.plist;
				LD_RUNPATH_SEARCH_PATHS = (
					"$(inherited)",
					"@executable_path/Frameworks",
				);
				PRODUCT_BUNDLE_IDENTIFIER = lab3.lab3;
				PRODUCT_NAME = "$(TARGET_NAME)";
				SWIFT_VERSION = 5.0;
				TARGETED_DEVICE_FAMILY = "1,2";
			};
			name = Debug;
		};
		FDDA827D241127310071AAC2 /* Release */ = {
			isa = XCBuildConfiguration;
			buildSettings = {
				ASSETCATALOG_COMPILER_APPICON_NAME = AppIcon;
				CODE_SIGN_STYLE = Automatic;
				INFOPLIST_FILE = lab3/Info.plist;
				LD_RUNPATH_SEARCH_PATHS = (
					"$(inherited)",
					"@executable_path/Frameworks",
				);
				PRODUCT_BUNDLE_IDENTIFIER = lab3.lab3;
				PRODUCT_NAME = "$(TARGET_NAME)";
				SWIFT_VERSION = 5.0;
				TARGETED_DEVICE_FAMILY = "1,2";
			};
			name = Release;
		};
		FDDA827F241127310071AAC2 /* Debug */ = {
			isa = XCBuildConfiguration;
			buildSettings = {
				ALWAYS_EMBED_SWIFT_STANDARD_LIBRARIES = YES;
				BUNDLE_LOADER = "$(TEST_HOST)";
				CODE_SIGN_STYLE = Automatic;
				INFOPLIST_FILE = lab3Tests/Info.plist;
				IPHONEOS_DEPLOYMENT_TARGET = 13.2;
				LD_RUNPATH_SEARCH_PATHS = (
					"$(inherited)",
					"@executable_path/Frameworks",
					"@loader_path/Frameworks",
				);
				PRODUCT_BUNDLE_IDENTIFIER = lab3.lab3Tests;
				PRODUCT_NAME = "$(TARGET_NAME)";
				SWIFT_VERSION = 5.0;
				TARGETED_DEVICE_FAMILY = "1,2";
				TEST_HOST = "$(BUILT_PRODUCTS_DIR)/lab3.app/lab3";
			};
			name = Debug;
		};
		FDDA8280241127310071AAC2 /* Release */ = {
			isa = XCBuildConfiguration;
			buildSettings = {
				ALWAYS_EMBED_SWIFT_STANDARD_LIBRARIES = YES;
				BUNDLE_LOADER = "$(TEST_HOST)";
				CODE_SIGN_STYLE = Automatic;
				INFOPLIST_FILE = lab3Tests/Info.plist;
				IPHONEOS_DEPLOYMENT_TARGET = 13.2;
				LD_RUNPATH_SEARCH_PATHS = (
					"$(inherited)",
					"@executable_path/Frameworks",
					"@loader_path/Frameworks",
				);
				PRODUCT_BUNDLE_IDENTIFIER = lab3.lab3Tests;
				PRODUCT_NAME = "$(TARGET_NAME)";
				SWIFT_VERSION = 5.0;
				TARGETED_DEVICE_FAMILY = "1,2";
				TEST_HOST = "$(BUILT_PRODUCTS_DIR)/lab3.app/lab3";
			};
			name = Release;
		};
		FDDA8282241127310071AAC2 /* Debug */ = {
			isa = XCBuildConfiguration;
			buildSettings = {
				ALWAYS_EMBED_SWIFT_STANDARD_LIBRARIES = YES;
				CODE_SIGN_STYLE = Automatic;
				INFOPLIST_FILE = lab3UITests/Info.plist;
				LD_RUNPATH_SEARCH_PATHS = (
					"$(inherited)",
					"@executable_path/Frameworks",
					"@loader_path/Frameworks",
				);
				PRODUCT_BUNDLE_IDENTIFIER = lab3.lab3UITests;
				PRODUCT_NAME = "$(TARGET_NAME)";
				SWIFT_VERSION = 5.0;
				TARGETED_DEVICE_FAMILY = "1,2";
				TEST_TARGET_NAME = lab3;
			};
			name = Debug;
		};
		FDDA8283241127310071AAC2 /* Release */ = {
			isa = XCBuildConfiguration;
			buildSettings = {
				ALWAYS_EMBED_SWIFT_STANDARD_LIBRARIES = YES;
				CODE_SIGN_STYLE = Automatic;
				INFOPLIST_FILE = lab3UITests/Info.plist;
				LD_RUNPATH_SEARCH_PATHS = (
					"$(inherited)",
					"@executable_path/Frameworks",
					"@loader_path/Frameworks",
				);
				PRODUCT_BUNDLE_IDENTIFIER = lab3.lab3UITests;
				PRODUCT_NAME = "$(TARGET_NAME)";
				SWIFT_VERSION = 5.0;
				TARGETED_DEVICE_FAMILY = "1,2";
				TEST_TARGET_NAME = lab3;
			};
			name = Release;
		};
/* End XCBuildConfiguration section */

/* Begin XCConfigurationList section */
		FDDA824C2411272E0071AAC2 /* Build configuration list for PBXProject "lab3" */ = {
			isa = XCConfigurationList;
			buildConfigurations = (
				FDDA8279241127310071AAC2 /* Debug */,
				FDDA827A241127310071AAC2 /* Release */,
			);
			defaultConfigurationIsVisible = 0;
			defaultConfigurationName = Release;
		};
		FDDA827B241127310071AAC2 /* Build configuration list for PBXNativeTarget "lab3" */ = {
			isa = XCConfigurationList;
			buildConfigurations = (
				FDDA827C241127310071AAC2 /* Debug */,
				FDDA827D241127310071AAC2 /* Release */,
			);
			defaultConfigurationIsVisible = 0;
			defaultConfigurationName = Release;
		};
		FDDA827E241127310071AAC2 /* Build configuration list for PBXNativeTarget "lab3Tests" */ = {
			isa = XCConfigurationList;
			buildConfigurations = (
				FDDA827F241127310071AAC2 /* Debug */,
				FDDA8280241127310071AAC2 /* Release */,
			);
			defaultConfigurationIsVisible = 0;
			defaultConfigurationName = Release;
		};
		FDDA8281241127310071AAC2 /* Build configuration list for PBXNativeTarget "lab3UITests" */ = {
			isa = XCConfigurationList;
			buildConfigurations = (
				FDDA8282241127310071AAC2 /* Debug */,
				FDDA8283241127310071AAC2 /* Release */,
			);
			defaultConfigurationIsVisible = 0;
			defaultConfigurationName = Release;
		};
/* End XCConfigurationList section */
	};
	rootObject = FDDA82492411272E0071AAC2 /* Project object */;
}
